
Microsoft Visual Studio Solution File, Format Version 12.00
# Visual Studio Version 17
VisualStudioVersion = 17.14.36429.23
MinimumVisualStudioVersion = 10.0.40219.1
Project("{2150E333-8FDC-42A3-9474-1A3956D46DE8}") = "[01] - Object-Oriented Programming (OOP)", "[01] - Object-Oriented Programming (OOP)", "{02EA681E-C7D8-13C7-8484-4AC65E1B71E8}"
EndProject
Project("{2150E333-8FDC-42A3-9474-1A3956D46DE8}") = "[02] - Encapsulation", "[02] - Encapsulation", "{C5588B78-95F9-4312-A810-3FA5E811087C}"
EndProject
Project("{2150E333-8FDC-42A3-9474-1A3956D46DE8}") = "[03] - Inheritance", "[03] - Inheritance", "{A50AA5D4-B47D-4C33-8F89-F2C215904C54}"
EndProject
Project("{2150E333-8FDC-42A3-9474-1A3956D46DE8}") = "[04] - Polymorphism", "[04] - Polymorphism", "{BB30FA0A-B041-46A5-B000-70450040B9B1}"
EndProject
Project("{2150E333-8FDC-42A3-9474-1A3956D46DE8}") = "[05] - Abstraction", "[05] - Abstraction", "{19EE90DF-2E2E-46D4-A035-77F7AE6A281F}"
EndProject
Project("{2150E333-8FDC-42A3-9474-1A3956D46DE8}") = "[04] - Composition (Strong Has-A relationship)", "[04] - Composition (Strong Has-A relationship)", "{7AEBD20D-3F2C-4722-AF16-844D69D78B1B}"
EndProject
Project("{2150E333-8FDC-42A3-9474-1A3956D46DE8}") = "[02] - SOLID Principles", "[02] - SOLID Principles", "{DE334CA6-22BE-4B29-8AE6-67E3E6CDC46C}"
EndProject
Project("{2150E333-8FDC-42A3-9474-1A3956D46DE8}") = "[01] - Single Responsibility Principle (SRP)", "[01] - Single Responsibility Principle (SRP)", "{838B142F-0E50-497E-804D-AFE824B027BF}"
EndProject
Project("{2150E333-8FDC-42A3-9474-1A3956D46DE8}") = "[02] - Open-Closed Principle (OCP)", "[02] - Open-Closed Principle (OCP)", "{7ABDB0FA-6117-4D4B-98D7-B3078260F97B}"
EndProject
Project("{2150E333-8FDC-42A3-9474-1A3956D46DE8}") = "[03] - Liskov Substitution Principle (LSP)", "[03] - Liskov Substitution Principle (LSP)", "{960D51C5-6C4A-46A6-8929-6449381120F0}"
EndProject
Project("{2150E333-8FDC-42A3-9474-1A3956D46DE8}") = "[04] - Interface Segregation Principle (ISP)", "[04] - Interface Segregation Principle (ISP)", "{C4B2E51C-5BBE-47B8-A85E-82ECCFC9EE2E}"
EndProject
Project("{2150E333-8FDC-42A3-9474-1A3956D46DE8}") = "[05] - Dependency Inversion Principle (DIP)", "[05] - Dependency Inversion Principle (DIP)", "{975ADFC5-A3E6-424F-BE03-89B7E5313A2B}"
EndProject
Project("{2150E333-8FDC-42A3-9474-1A3956D46DE8}") = "[03] - KISS Principles", "[03] - KISS Principles", "{BC3467E2-23FB-4740-A591-10BF4851AE7D}"
EndProject
Project("{2150E333-8FDC-42A3-9474-1A3956D46DE8}") = "[01] - Keep It Simple, Stupid", "[01] - Keep It Simple, Stupid", "{196F3E96-E31C-4EC6-9925-8630758EAC1C}"
EndProject
Project("{2150E333-8FDC-42A3-9474-1A3956D46DE8}") = "[02] - Keep It Simple and Straightforward", "[02] - Keep It Simple and Straightforward", "{7341B7D4-988E-4390-B545-C77912760A0A}"
EndProject
Project("{2150E333-8FDC-42A3-9474-1A3956D46DE8}") = "[03] - Keep It Short and Simple", "[03] - Keep It Short and Simple", "{90B743CD-CDF8-4185-97E2-76FAC98EC826}"
EndProject
Project("{2150E333-8FDC-42A3-9474-1A3956D46DE8}") = "[04] - DRY (Don’t Repeat Yourself)", "[04] - DRY (Don’t Repeat Yourself)", "{BEA43293-D6ED-4533-881D-9A21B38A1F8D}"
EndProject
Project("{2150E333-8FDC-42A3-9474-1A3956D46DE8}") = "[05] - Design Patterns", "[05] - Design Patterns", "{A9058261-63ED-42A3-997B-028CB62032D3}"
EndProject
Project("{2150E333-8FDC-42A3-9474-1A3956D46DE8}") = "[01] - Creational Patterns", "[01] - Creational Patterns", "{CA550543-FF9E-495E-87B3-B41E154C90CD}"
EndProject
Project("{2150E333-8FDC-42A3-9474-1A3956D46DE8}") = "[02] - Structural Patterns", "[02] - Structural Patterns", "{13433847-7721-4438-8328-8A8FFA37A746}"
EndProject
Project("{2150E333-8FDC-42A3-9474-1A3956D46DE8}") = "[03] - Behavioral Patterns", "[03] - Behavioral Patterns", "{85173B96-6150-4DED-A5EE-DFA03F417975}"
EndProject
Project("{2150E333-8FDC-42A3-9474-1A3956D46DE8}") = "[01] - Singleton (Medium-High 4)", "[01] - Singleton (Medium-High 4)", "{E972C448-37DB-4C2C-9102-B180128B1B9C}"
EndProject
Project("{2150E333-8FDC-42A3-9474-1A3956D46DE8}") = "[02] - Factory Method (High 5)", "[02] - Factory Method (High 5)", "{25214900-8FCE-4291-9E47-85731CB2CCE8}"
EndProject
Project("{2150E333-8FDC-42A3-9474-1A3956D46DE8}") = "[03] - Abstract Factory (High 5)", "[03] - Abstract Factory (High 5)", "{38BC02E7-AC5C-482C-A38F-A47E9C5665BE}"
EndProject
Project("{2150E333-8FDC-42A3-9474-1A3956D46DE8}") = "[04] - Builder (Medium-Low 2)", "[04] - Builder (Medium-Low 2)", "{518745D7-3263-4B67-8152-1C32E01B133C}"
EndProject
Project("{2150E333-8FDC-42A3-9474-1A3956D46DE8}") = "[05] - Prototype (Medium 3)", "[05] - Prototype (Medium 3)", "{C957CF2A-FF53-44BF-BEB5-054D1A030518}"
EndProject
Project("{2150E333-8FDC-42A3-9474-1A3956D46DE8}") = "[01] - Adapter (Medium-High 4)", "[01] - Adapter (Medium-High 4)", "{EBAB9514-3231-45E5-94C4-8B84DA457F8E}"
EndProject
Project("{2150E333-8FDC-42A3-9474-1A3956D46DE8}") = "[02] - Facade (High 5)", "[02] - Facade (High 5)", "{A9DABAE1-A569-42F8-850B-1281BEAA404B}"
EndProject
Project("{2150E333-8FDC-42A3-9474-1A3956D46DE8}") = "[03] - Decorator (Medium 3)", "[03] - Decorator (Medium 3)", "{59B04937-999F-49D0-A2F6-8E984D5647A8}"
EndProject
Project("{2150E333-8FDC-42A3-9474-1A3956D46DE8}") = "[04] - Composite (Medium-High 4)", "[04] - Composite (Medium-High 4)", "{24B87A6E-D2FE-43B8-8B67-7924DC434F11}"
EndProject
Project("{2150E333-8FDC-42A3-9474-1A3956D46DE8}") = "[05] - Proxy (Medium-High 4)", "[05] - Proxy (Medium-High 4)", "{DCC3DD67-948F-45B5-8B3E-8F4CC1470D84}"
EndProject
Project("{2150E333-8FDC-42A3-9474-1A3956D46DE8}") = "[06] - Bridge (Medium-Low 2)", "[06] - Bridge (Medium-Low 2)", "{C9906A84-A1AC-4FC6-96E5-F4BB138C90B7}"
EndProject
Project("{2150E333-8FDC-42A3-9474-1A3956D46DE8}") = "[07] - Flyweight (Low 1)", "[07] - Flyweight (Low 1)", "{9B5D8F1F-22BA-47EA-A050-216403C9625E}"
EndProject
Project("{2150E333-8FDC-42A3-9474-1A3956D46DE8}") = "[01] - Strategy (High 5)", "[01] - Strategy (High 5)", "{38235EF8-2045-4886-9126-ADD0AA7A5367}"
EndProject
Project("{2150E333-8FDC-42A3-9474-1A3956D46DE8}") = "[02] - Observer (High 5)", "[02] - Observer (High 5)", "{90C0D185-93C6-44B4-8C5A-4CDCB799EBDA}"
EndProject
Project("{2150E333-8FDC-42A3-9474-1A3956D46DE8}") = "[03] - Template Method (Medium 3)", "[03] - Template Method (Medium 3)", "{702C64E6-7F33-4CEC-B4DA-157745930AA9}"
EndProject
Project("{2150E333-8FDC-42A3-9474-1A3956D46DE8}") = "[04] - Command (Medium-High 4)", "[04] - Command (Medium-High 4)", "{B82F2287-ECE6-4541-A06D-D3B3C5BA2620}"
EndProject
Project("{2150E333-8FDC-42A3-9474-1A3956D46DE8}") = "[05] - Iterator (High 5)", "[05] - Iterator (High 5)", "{6E2ABC06-24DD-431F-B2A0-8BA52F093FD4}"
EndProject
Project("{2150E333-8FDC-42A3-9474-1A3956D46DE8}") = "[06] - State (Medium 3)", "[06] - State (Medium 3)", "{292BC2C8-6917-4737-89CF-FE520478DCC1}"
EndProject
Project("{2150E333-8FDC-42A3-9474-1A3956D46DE8}") = "[07] - Chain of Responsibility (Medium-Low 2)", "[07] - Chain of Responsibility (Medium-Low 2)", "{F8D614DB-200A-4112-A79C-0D7E199C9E2B}"
EndProject
Project("{2150E333-8FDC-42A3-9474-1A3956D46DE8}") = "[08] - Mediator (Medium-Low 2)", "[08] - Mediator (Medium-Low 2)", "{ED4A11FA-CFA8-4588-8944-E2A6793E768B}"
EndProject
Project("{2150E333-8FDC-42A3-9474-1A3956D46DE8}") = "[09] - Memento (Low 1)", "[09] - Memento (Low 1)", "{FAE2CD13-DB76-48AE-8FEF-4F599D67FC0E}"
EndProject
Project("{2150E333-8FDC-42A3-9474-1A3956D46DE8}") = "[10] - Visitor (Medium-Low 2)", "[10] - Visitor (Medium-Low 2)", "{585997B5-D2ED-4CB9-B592-AB376030316D}"
EndProject
Project("{2150E333-8FDC-42A3-9474-1A3956D46DE8}") = "[11] - Interpreter (Low 1)", "[11] - Interpreter (Low 1)", "{AEDFB311-4F90-478E-BC62-81430D375585}"
EndProject
Project("{2150E333-8FDC-42A3-9474-1A3956D46DE8}") = "[01] - Class AND Object", "[01] - Class AND Object", "{456801C1-0A8C-42E1-B824-3472DE74CB12}"
EndProject
Project("{2150E333-8FDC-42A3-9474-1A3956D46DE8}") = "[06] - Relationships between classes", "[06] - Relationships between classes", "{75078AC3-4605-480D-9749-97AC2ED9CA22}"
EndProject
Project("{2150E333-8FDC-42A3-9474-1A3956D46DE8}") = "[01] - Association (The foundation of all relationships)", "[01] - Association (The foundation of all relationships)", "{4018850A-E84F-4146-8B05-4CCE0196049D}"
EndProject
Project("{2150E333-8FDC-42A3-9474-1A3956D46DE8}") = "[02] - Dependency", "[02] - Dependency", "{7AF6B563-09F4-4404-9E86-BE9187AE197E}"
EndProject
Project("{2150E333-8FDC-42A3-9474-1A3956D46DE8}") = "[03] - Aggregation (Weak Has-A relationship)", "[03] - Aggregation (Weak Has-A relationship)", "{E1DAAFAC-4E38-4E71-BC3C-08960F5ADB50}"
EndProject
Global
	GlobalSection(SolutionProperties) = preSolution
		HideSolutionNode = FALSE
	EndGlobalSection
	GlobalSection(NestedProjects) = preSolution
		{C5588B78-95F9-4312-A810-3FA5E811087C} = {02EA681E-C7D8-13C7-8484-4AC65E1B71E8}
		{A50AA5D4-B47D-4C33-8F89-F2C215904C54} = {02EA681E-C7D8-13C7-8484-4AC65E1B71E8}
		{BB30FA0A-B041-46A5-B000-70450040B9B1} = {02EA681E-C7D8-13C7-8484-4AC65E1B71E8}
		{19EE90DF-2E2E-46D4-A035-77F7AE6A281F} = {02EA681E-C7D8-13C7-8484-4AC65E1B71E8}
		{7AEBD20D-3F2C-4722-AF16-844D69D78B1B} = {75078AC3-4605-480D-9749-97AC2ED9CA22}
		{838B142F-0E50-497E-804D-AFE824B027BF} = {DE334CA6-22BE-4B29-8AE6-67E3E6CDC46C}
		{7ABDB0FA-6117-4D4B-98D7-B3078260F97B} = {DE334CA6-22BE-4B29-8AE6-67E3E6CDC46C}
		{960D51C5-6C4A-46A6-8929-6449381120F0} = {DE334CA6-22BE-4B29-8AE6-67E3E6CDC46C}
		{C4B2E51C-5BBE-47B8-A85E-82ECCFC9EE2E} = {DE334CA6-22BE-4B29-8AE6-67E3E6CDC46C}
		{975ADFC5-A3E6-424F-BE03-89B7E5313A2B} = {DE334CA6-22BE-4B29-8AE6-67E3E6CDC46C}
		{196F3E96-E31C-4EC6-9925-8630758EAC1C} = {BC3467E2-23FB-4740-A591-10BF4851AE7D}
		{7341B7D4-988E-4390-B545-C77912760A0A} = {BC3467E2-23FB-4740-A591-10BF4851AE7D}
		{90B743CD-CDF8-4185-97E2-76FAC98EC826} = {BC3467E2-23FB-4740-A591-10BF4851AE7D}
		{CA550543-FF9E-495E-87B3-B41E154C90CD} = {A9058261-63ED-42A3-997B-028CB62032D3}
		{13433847-7721-4438-8328-8A8FFA37A746} = {A9058261-63ED-42A3-997B-028CB62032D3}
		{85173B96-6150-4DED-A5EE-DFA03F417975} = {A9058261-63ED-42A3-997B-028CB62032D3}
		{E972C448-37DB-4C2C-9102-B180128B1B9C} = {CA550543-FF9E-495E-87B3-B41E154C90CD}
		{25214900-8FCE-4291-9E47-85731CB2CCE8} = {CA550543-FF9E-495E-87B3-B41E154C90CD}
		{38BC02E7-AC5C-482C-A38F-A47E9C5665BE} = {CA550543-FF9E-495E-87B3-B41E154C90CD}
		{518745D7-3263-4B67-8152-1C32E01B133C} = {CA550543-FF9E-495E-87B3-B41E154C90CD}
		{C957CF2A-FF53-44BF-BEB5-054D1A030518} = {CA550543-FF9E-495E-87B3-B41E154C90CD}
		{EBAB9514-3231-45E5-94C4-8B84DA457F8E} = {13433847-7721-4438-8328-8A8FFA37A746}
		{A9DABAE1-A569-42F8-850B-1281BEAA404B} = {13433847-7721-4438-8328-8A8FFA37A746}
		{59B04937-999F-49D0-A2F6-8E984D5647A8} = {13433847-7721-4438-8328-8A8FFA37A746}
		{24B87A6E-D2FE-43B8-8B67-7924DC434F11} = {13433847-7721-4438-8328-8A8FFA37A746}
		{DCC3DD67-948F-45B5-8B3E-8F4CC1470D84} = {13433847-7721-4438-8328-8A8FFA37A746}
		{C9906A84-A1AC-4FC6-96E5-F4BB138C90B7} = {13433847-7721-4438-8328-8A8FFA37A746}
		{9B5D8F1F-22BA-47EA-A050-216403C9625E} = {13433847-7721-4438-8328-8A8FFA37A746}
		{38235EF8-2045-4886-9126-ADD0AA7A5367} = {85173B96-6150-4DED-A5EE-DFA03F417975}
		{90C0D185-93C6-44B4-8C5A-4CDCB799EBDA} = {85173B96-6150-4DED-A5EE-DFA03F417975}
		{702C64E6-7F33-4CEC-B4DA-157745930AA9} = {85173B96-6150-4DED-A5EE-DFA03F417975}
		{B82F2287-ECE6-4541-A06D-D3B3C5BA2620} = {85173B96-6150-4DED-A5EE-DFA03F417975}
		{6E2ABC06-24DD-431F-B2A0-8BA52F093FD4} = {85173B96-6150-4DED-A5EE-DFA03F417975}
		{292BC2C8-6917-4737-89CF-FE520478DCC1} = {85173B96-6150-4DED-A5EE-DFA03F417975}
		{F8D614DB-200A-4112-A79C-0D7E199C9E2B} = {85173B96-6150-4DED-A5EE-DFA03F417975}
		{ED4A11FA-CFA8-4588-8944-E2A6793E768B} = {85173B96-6150-4DED-A5EE-DFA03F417975}
		{FAE2CD13-DB76-48AE-8FEF-4F599D67FC0E} = {85173B96-6150-4DED-A5EE-DFA03F417975}
		{585997B5-D2ED-4CB9-B592-AB376030316D} = {85173B96-6150-4DED-A5EE-DFA03F417975}
		{AEDFB311-4F90-478E-BC62-81430D375585} = {85173B96-6150-4DED-A5EE-DFA03F417975}
		{456801C1-0A8C-42E1-B824-3472DE74CB12} = {02EA681E-C7D8-13C7-8484-4AC65E1B71E8}
		{75078AC3-4605-480D-9749-97AC2ED9CA22} = {02EA681E-C7D8-13C7-8484-4AC65E1B71E8}
		{4018850A-E84F-4146-8B05-4CCE0196049D} = {75078AC3-4605-480D-9749-97AC2ED9CA22}
		{7AF6B563-09F4-4404-9E86-BE9187AE197E} = {75078AC3-4605-480D-9749-97AC2ED9CA22}
		{E1DAAFAC-4E38-4E71-BC3C-08960F5ADB50} = {75078AC3-4605-480D-9749-97AC2ED9CA22}
	EndGlobalSection
	GlobalSection(ExtensibilityGlobals) = postSolution
		SolutionGuid = {64035F74-A0DB-4212-BF47-8A31E7FAA168}
	EndGlobalSection
EndGlobal
